// !$*UTF8*$!
{
	archiveVersion = 1;
	classes = {
	};
	objectVersion = 77;
	objects = {

/* Begin PBXContainerItemProxy section */
		F3F66EC82D337B9A00C85EC4 /* PBXContainerItemProxy */ = {
			isa = PBXContainerItemProxy;
			containerPortal = F3F66EAF2D337B9800C85EC4 /* Project object */;
			proxyType = 1;
			remoteGlobalIDString = F3F66EB62D337B9800C85EC4;
			remoteInfo = kwkxdcc;
		};
		F3F66ED22D337B9A00C85EC4 /* PBXContainerItemProxy */ = {
			isa = PBXContainerItemProxy;
			containerPortal = F3F66EAF2D337B9800C85EC4 /* Project object */;
			proxyType = 1;
			remoteGlobalIDString = F3F66EB62D337B9800C85EC4;
			remoteInfo = kwkxdcc;
		};
/* End PBXContainerItemProxy section */

/* Begin PBXFileReference section */
		F3F66EB72D337B9800C85EC4 /* kwkxdcc.app */ = {isa = PBXFileReference; explicitFileType = wrapper.application; includeInIndex = 0; path = kwkxdcc.app; sourceTree = BUILT_PRODUCTS_DIR; };
		F3F66EC72D337B9A00C85EC4 /* kwkxdccTests.xctest */ = {isa = PBXFileReference; explicitFileType = wrapper.cfbundle; includeInIndex = 0; path = kwkxdccTests.xctest; sourceTree = BUILT_PRODUCTS_DIR; };
		F3F66ED12D337B9A00C85EC4 /* kwkxdccUITests.xctest */ = {isa = PBXFileReference; explicitFileType = wrapper.cfbundle; includeInIndex = 0; path = kwkxdccUITests.xctest; sourceTree = BUILT_PRODUCTS_DIR; };
/* End PBXFileReference section */

/* Begin PBXFileSystemSynchronizedRootGroup section */
		F3F66EB92D337B9800C85EC4 /* kwkxdcc */ = {
			isa = PBXFileSystemSynchronizedRootGroup;
			path = kwkxdcc;
			sourceTree = "<group>";
		};
		F3F66ECA2D337B9A00C85EC4 /* kwkxdccTests */ = {
			isa = PBXFileSystemSynchronizedRootGroup;
			path = kwkxdccTests;
			sourceTree = "<group>";
		};
		F3F66ED42D337B9A00C85EC4 /* kwkxdccUITests */ = {
			isa = PBXFileSystemSynchronizedRootGroup;
			path = kwkxdccUITests;
			sourceTree = "<group>";
		};
/* End PBXFileSystemSynchronizedRootGroup section */

/* Begin PBXFrameworksBuildPhase section */
		F3F66EB42D337B9800C85EC4 /* Frameworks */ = {
			isa = PBXFrameworksBuildPhase;
			buildActionMask = 2147483647;
			files = (
			);
			runOnlyForDeploymentPostprocessing = 0;
		};
		F3F66EC42D337B9A00C85EC4 /* Frameworks */ = {
			isa = PBXFrameworksBuildPhase;
			buildActionMask = 2147483647;
			files = (
			);
			runOnlyForDeploymentPostprocessing = 0;
		};
		F3F66ECE2D337B9A00C85EC4 /* Frameworks */ = {
			isa = PBXFrameworksBuildPhase;
			buildActionMask = 2147483647;
			files = (
			);
			runOnlyForDeploymentPostprocessing = 0;
		};
/* End PBXFrameworksBuildPhase section */

/* Begin PBXGroup section */
		F3F66EAE2D337B9800C85EC4 = {
			isa = PBXGroup;
			children = (
				F3F66EB92D337B9800C85EC4 /* kwkxdcc */,
				F3F66ECA2D337B9A00C85EC4 /* kwkxdccTests */,
				F3F66ED42D337B9A00C85EC4 /* kwkxdccUITests */,
				F3F66EB82D337B9800C85EC4 /* Products */,
			);
			sourceTree = "<group>";
		};
		F3F66EB82D337B9800C85EC4 /* Products */ = {
			isa = PBXGroup;
			children = (
				F3F66EB72D337B9800C85EC4 /* kwkxdcc.app */,
				F3F66EC72D337B9A00C85EC4 /* kwkxdccTests.xctest */,
				F3F66ED12D337B9A00C85EC4 /* kwkxdccUITests.xctest */,
			);
			name = Products;
			sourceTree = "<group>";
		};
/* End PBXGroup section */

/* Begin PBXNativeTarget section */
		F3F66EB62D337B9800C85EC4 /* kwkxdcc */ = {
			isa = PBXNativeTarget;
			buildConfigurationList = F3F66EDB2D337B9A00C85EC4 /* Build configuration list for PBXNativeTarget "kwkxdcc" */;
			buildPhases = (
				F3F66EB32D337B9800C85EC4 /* Sources */,
				F3F66EB42D337B9800C85EC4 /* Frameworks */,
				F3F66EB52D337B9800C85EC4 /* Resources */,
			);
			buildRules = (
			);
			dependencies = (
			);
			fileSystemSynchronizedGroups = (
				F3F66EB92D337B9800C85EC4 /* kwkxdcc */,
			);
			name = kwkxdcc;
			packageProductDependencies = (
			);
			productName = kwkxdcc;
			productReference = F3F66EB72D337B9800C85EC4 /* kwkxdcc.app */;
			productType = "com.apple.product-type.application";
		};
		F3F66EC62D337B9A00C85EC4 /* kwkxdccTests */ = {
			isa = PBXNativeTarget;
			buildConfigurationList = F3F66EDE2D337B9A00C85EC4 /* Build configuration list for PBXNativeTarget "kwkxdccTests" */;
			buildPhases = (
				F3F66EC32D337B9A00C85EC4 /* Sources */,
				F3F66EC42D337B9A00C85EC4 /* Frameworks */,
				F3F66EC52D337B9A00C85EC4 /* Resources */,
			);
			buildRules = (
			);
			dependencies = (
				F3F66EC92D337B9A00C85EC4 /* PBXTargetDependency */,
			);
			fileSystemSynchronizedGroups = (
				F3F66ECA2D337B9A00C85EC4 /* kwkxdccTests */,
			);
			name = kwkxdccTests;
			packageProductDependencies = (
			);
			productName = kwkxdccTests;
			productReference = F3F66EC72D337B9A00C85EC4 /* kwkxdccTests.xctest */;
			productType = "com.apple.product-type.bundle.unit-test";
		};
		F3F66ED02D337B9A00C85EC4 /* kwkxdccUITests */ = {
			isa = PBXNativeTarget;
			buildConfigurationList = F3F66EE12D337B9A00C85EC4 /* Build configuration list for PBXNativeTarget "kwkxdccUITests" */;
			buildPhases = (
				F3F66ECD2D337B9A00C85EC4 /* Sources */,
				F3F66ECE2D337B9A00C85EC4 /* Frameworks */,
				F3F66ECF2D337B9A00C85EC4 /* Resources */,
			);
			buildRules = (
			);
			dependencies = (
				F3F66ED32D337B9A00C85EC4 /* PBXTargetDependency */,
			);
			fileSystemSynchronizedGroups = (
				F3F66ED42D337B9A00C85EC4 /* kwkxdccUITests */,
			);
			name = kwkxdccUITests;
			packageProductDependencies = (
			);
			productName = kwkxdccUITests;
			productReference = F3F66ED12D337B9A00C85EC4 /* kwkxdccUITests.xctest */;
			productType = "com.apple.product-type.bundle.ui-testing";
		};
/* End PBXNativeTarget section */

/* Begin PBXProject section */
		F3F66EAF2D337B9800C85EC4 /* Project object */ = {
			isa = PBXProject;
			attributes = {
				BuildIndependentTargetsInParallel = 1;
				LastSwiftUpdateCheck = 1610;
				LastUpgradeCheck = 1610;
				TargetAttributes = {
					F3F66EB62D337B9800C85EC4 = {
						CreatedOnToolsVersion = 16.1;
					};
					F3F66EC62D337B9A00C85EC4 = {
						CreatedOnToolsVersion = 16.1;
						TestTargetID = F3F66EB62D337B9800C85EC4;
					};
					F3F66ED02D337B9A00C85EC4 = {
						CreatedOnToolsVersion = 16.1;
						TestTargetID = F3F66EB62D337B9800C85EC4;
					};
				};
			};
			buildConfigurationList = F3F66EB22D337B9800C85EC4 /* Build configuration list for PBXProject "kwkxdcc" */;
			developmentRegion = en;
			hasScannedForEncodings = 0;
			knownRegions = (
				en,
				Base,
			);
			mainGroup = F3F66EAE2D337B9800C85EC4;
			minimizedProjectReferenceProxies = 1;
			preferredProjectObjectVersion = 77;
			productRefGroup = F3F66EB82D337B9800C85EC4 /* Products */;
			projectDirPath = "";
			projectRoot = "";
			targets = (
				F3F66EB62D337B9800C85EC4 /* kwkxdcc */,
				F3F66EC62D337B9A00C85EC4 /* kwkxdccTests */,
				F3F66ED02D337B9A00C85EC4 /* kwkxdccUITests */,
			);
		};
/* End PBXProject section */

/* Begin PBXResourcesBuildPhase section */
		F3F66EB52D337B9800C85EC4 /* Resources */ = {
			isa = PBXResourcesBuildPhase;
			buildActionMask = 2147483647;
			files = (
			);
			runOnlyForDeploymentPostprocessing = 0;
		};
		F3F66EC52D337B9A00C85EC4 /* Resources */ = {
			isa = PBXResourcesBuildPhase;
			buildActionMask = 2147483647;
			files = (
			);
			runOnlyForDeploymentPostprocessing = 0;
		};
		F3F66ECF2D337B9A00C85EC4 /* Resources */ = {
			isa = PBXResourcesBuildPhase;
			buildActionMask = 2147483647;
			files = (
			);
			runOnlyForDeploymentPostprocessing = 0;
		};
/* End PBXResourcesBuildPhase section */

/* Begin PBXSourcesBuildPhase section */
		F3F66EB32D337B9800C85EC4 /* Sources */ = {
			isa = PBXSourcesBuildPhase;
			buildActionMask = 2147483647;
			files = (
			);
			runOnlyForDeploymentPostprocessing = 0;
		};
		F3F66EC32D337B9A00C85EC4 /* Sources */ = {
			isa = PBXSourcesBuildPhase;
			buildActionMask = 2147483647;
			files = (
			);
			runOnlyForDeploymentPostprocessing = 0;
		};
		F3F66ECD2D337B9A00C85EC4 /* Sources */ = {
			isa = PBXSourcesBuildPhase;
			buildActionMask = 2147483647;
			files = (
			);
			runOnlyForDeploymentPostprocessing = 0;
		};
/* End PBXSourcesBuildPhase section */

/* Begin PBXTargetDependency section */
		F3F66EC92D337B9A00C85EC4 /* PBXTargetDependency */ = {
			isa = PBXTargetDependency;
			target = F3F66EB62D337B9800C85EC4 /* kwkxdcc */;
			targetProxy = F3F66EC82D337B9A00C85EC4 /* PBXContainerItemProxy */;
		};
		F3F66ED32D337B9A00C85EC4 /* PBXTargetDependency */ = {
			isa = PBXTargetDependency;
			target = F3F66EB62D337B9800C85EC4 /* kwkxdcc */;
			targetProxy = F3F66ED22D337B9A00C85EC4 /* PBXContainerItemProxy */;
		};
/* End PBXTargetDependency section */

/* Begin XCBuildConfiguration section */
		F3F66ED92D337B9A00C85EC4 /* Debug */ = {
			isa = XCBuildConfiguration;
			buildSettings = {
				ALWAYS_SEARCH_USER_PATHS = NO;
				ASSETCATALOG_COMPILER_GENERATE_SWIFT_ASSET_SYMBOL_EXTENSIONS = YES;
				CLANG_ANALYZER_NONNULL = YES;
				CLANG_ANALYZER_NUMBER_OBJECT_CONVERSION = YES_AGGRESSIVE;
				CLANG_CXX_LANGUAGE_STANDARD = "gnu++20";
				CLANG_ENABLE_MODULES = YES;
				CLANG_ENABLE_OBJC_ARC = YES;
				CLANG_ENABLE_OBJC_WEAK = YES;
				CLANG_WARN_BLOCK_CAPTURE_AUTORELEASING = YES;
				CLANG_WARN_BOOL_CONVERSION = YES;
				CLANG_WARN_COMMA = YES;
				CLANG_WARN_CONSTANT_CONVERSION = YES;
				CLANG_WARN_DEPRECATED_OBJC_IMPLEMENTATIONS = YES;
				CLANG_WARN_DIRECT_OBJC_ISA_USAGE = YES_ERROR;
				CLANG_WARN_DOCUMENTATION_COMMENTS = YES;
				CLANG_WARN_EMPTY_BODY = YES;
				CLANG_WARN_ENUM_CONVERSION = YES;
				CLANG_WARN_INFINITE_RECURSION = YES;
				CLANG_WARN_INT_CONVERSION = YES;
				CLANG_WARN_NON_LITERAL_NULL_CONVERSION = YES;
				CLANG_WARN_OBJC_IMPLICIT_RETAIN_SELF = YES;
				CLANG_WARN_OBJC_LITERAL_CONVERSION = YES;
				CLANG_WARN_OBJC_ROOT_CLASS = YES_ERROR;
				CLANG_WARN_QUOTED_INCLUDE_IN_FRAMEWORK_HEADER = YES;
				CLANG_WARN_RANGE_LOOP_ANALYSIS = YES;
				CLANG_WARN_STRICT_PROTOTYPES = YES;
				CLANG_WARN_SUSPICIOUS_MOVE = YES;
				CLANG_WARN_UNGUARDED_AVAILABILITY = YES_AGGRESSIVE;
				CLANG_WARN_UNREACHABLE_CODE = YES;
				CLANG_WARN__DUPLICATE_METHOD_MATCH = YES;
				COPY_PHASE_STRIP = NO;
				DEBUG_INFORMATION_FORMAT = dwarf;
				ENABLE_STRICT_OBJC_MSGSEND = YES;
				ENABLE_TESTABILITY = YES;
				ENABLE_USER_SCRIPT_SANDBOXING = YES;
				GCC_C_LANGUAGE_STANDARD = gnu17;
				GCC_DYNAMIC_NO_PIC = NO;
				GCC_NO_COMMON_BLOCKS = YES;
				GCC_OPTIMIZATION_LEVEL = 0;
				GCC_PREPROCESSOR_DEFINITIONS = (
					"DEBUG=1",
					"$(inherited)",
				);
				GCC_WARN_64_TO_32_BIT_CONVERSION = YES;
				GCC_WARN_ABOUT_RETURN_TYPE = YES_ERROR;
				GCC_WARN_UNDECLARED_SELECTOR = YES;
				GCC_WARN_UNINITIALIZED_AUTOS = YES_AGGRESSIVE;
				GCC_WARN_UNUSED_FUNCTION = YES;
				GCC_WARN_UNUSED_VARIABLE = YES;
				IPHONEOS_DEPLOYMENT_TARGET = 18.1;
				LOCALIZATION_PREFERS_STRING_CATALOGS = YES;
				MTL_ENABLE_DEBUG_INFO = INCLUDE_SOURCE;
				MTL_FAST_MATH = YES;
				ONLY_ACTIVE_ARCH = YES;
				SDKROOT = iphoneos;
				SWIFT_ACTIVE_COMPILATION_CONDITIONS = "DEBUG $(inherited)";
				SWIFT_OPTIMIZATION_LEVEL = "-Onone";
			};
			name = Debug;
		};
		F3F66EDA2D337B9A00C85EC4 /* Release */ = {
			isa = XCBuildConfiguration;
			buildSettings = {
				ALWAYS_SEARCH_USER_PATHS = NO;
				ASSETCATALOG_COMPILER_GENERATE_SWIFT_ASSET_SYMBOL_EXTENSIONS = YES;
				CLANG_ANALYZER_NONNULL = YES;
				CLANG_ANALYZER_NUMBER_OBJECT_CONVERSION = YES_AGGRESSIVE;
				CLANG_CXX_LANGUAGE_STANDARD = "gnu++20";
				CLANG_ENABLE_MODULES = YES;
				CLANG_ENABLE_OBJC_ARC = YES;
				CLANG_ENABLE_OBJC_WEAK = YES;
				CLANG_WARN_BLOCK_CAPTURE_AUTORELEASING = YES;
				CLANG_WARN_BOOL_CONVERSION = YES;
				CLANG_WARN_COMMA = YES;
				CLANG_WARN_CONSTANT_CONVERSION = YES;
				CLANG_WARN_DEPRECATED_OBJC_IMPLEMENTATIONS = YES;
				CLANG_WARN_DIRECT_OBJC_ISA_USAGE = YES_ERROR;
				CLANG_WARN_DOCUMENTATION_COMMENTS = YES;
				CLANG_WARN_EMPTY_BODY = YES;
				CLANG_WARN_ENUM_CONVERSION = YES;
				CLANG_WARN_INFINITE_RECURSION = YES;
				CLANG_WARN_INT_CONVERSION = YES;
				CLANG_WARN_NON_LITERAL_NULL_CONVERSION = YES;
				CLANG_WARN_OBJC_IMPLICIT_RETAIN_SELF = YES;
				CLANG_WARN_OBJC_LITERAL_CONVERSION = YES;
				CLANG_WARN_OBJC_ROOT_CLASS = YES_ERROR;
				CLANG_WARN_QUOTED_INCLUDE_IN_FRAMEWORK_HEADER = YES;
				CLANG_WARN_RANGE_LOOP_ANALYSIS = YES;
				CLANG_WARN_STRICT_PROTOTYPES = YES;
				CLANG_WARN_SUSPICIOUS_MOVE = YES;
				CLANG_WARN_UNGUARDED_AVAILABILITY = YES_AGGRESSIVE;
				CLANG_WARN_UNREACHABLE_CODE = YES;
				CLANG_WARN__DUPLICATE_METHOD_MATCH = YES;
				COPY_PHASE_STRIP = NO;
				DEBUG_INFORMATION_FORMAT = "dwarf-with-dsym";
				ENABLE_NS_ASSERTIONS = NO;
				ENABLE_STRICT_OBJC_MSGSEND = YES;
				ENABLE_USER_SCRIPT_SANDBOXING = YES;
				GCC_C_LANGUAGE_STANDARD = gnu17;
				GCC_NO_COMMON_BLOCKS = YES;
				GCC_WARN_64_TO_32_BIT_CONVERSION = YES;
				GCC_WARN_ABOUT_RETURN_TYPE = YES_ERROR;
				GCC_WARN_UNDECLARED_SELECTOR = YES;
				GCC_WARN_UNINITIALIZED_AUTOS = YES_AGGRESSIVE;
				GCC_WARN_UNUSED_FUNCTION = YES;
				GCC_WARN_UNUSED_VARIABLE = YES;
				IPHONEOS_DEPLOYMENT_TARGET = 18.1;
				LOCALIZATION_PREFERS_STRING_CATALOGS = YES;
				MTL_ENABLE_DEBUG_INFO = NO;
				MTL_FAST_MATH = YES;
				SDKROOT = iphoneos;
				SWIFT_COMPILATION_MODE = wholemodule;
				VALIDATE_PRODUCT = YES;
			};
			name = Release;
		};
		F3F66EDC2D337B9A00C85EC4 /* Debug */ = {
			isa = XCBuildConfiguration;
			buildSettings = {
				ASSETCATALOG_COMPILER_APPICON_NAME = AppIcon;
				ASSETCATALOG_COMPILER_GLOBAL_ACCENT_COLOR_NAME = AccentColor;
				CODE_SIGN_STYLE = Automatic;
				CURRENT_PROJECT_VERSION = 1;
				DEVELOPMENT_ASSET_PATHS = "\"kwkxdcc/Preview Content\"";
				DEVELOPMENT_TEAM = 7X8638S6M7;
				ENABLE_PREVIEWS = YES;
				GENERATE_INFOPLIST_FILE = YES;
				INFOPLIST_KEY_UIApplicationSceneManifest_Generation = YES;
				INFOPLIST_KEY_UIApplicationSupportsIndirectInputEvents = YES;
				INFOPLIST_KEY_UILaunchScreen_Generation = YES;
				INFOPLIST_KEY_UISupportedInterfaceOrientations_iPad = "UIInterfaceOrientationPortrait UIInterfaceOrientationPortraitUpsideDown UIInterfaceOrientationLandscapeLeft UIInterfaceOrientationLandscapeRight";
				INFOPLIST_KEY_UISupportedInterfaceOrientations_iPhone = "UIInterfaceOrientationPortrait UIInterfaceOrientationLandscapeLeft UIInterfaceOrientationLandscapeRight";
				LD_RUNPATH_SEARCH_PATHS = (
					"$(inherited)",
					"@executable_path/Frameworks",
				);
				MARKETING_VERSION = 1.0;
				PRODUCT_BUNDLE_IDENTIFIER = shido.kwkxdcc;
				PRODUCT_NAME = "$(TARGET_NAME)";
				SWIFT_EMIT_LOC_STRINGS = YES;
				SWIFT_VERSION = 5.0;
				TARGETED_DEVICE_FAMILY = "1,2";
			};
			name = Debug;
		};
		F3F66EDD2D337B9A00C85EC4 /* Release */ = {
			isa = XCBuildConfiguration;
			buildSettings = {
				ASSETCATALOG_COMPILER_APPICON_NAME = AppIcon;
				ASSETCATALOG_COMPILER_GLOBAL_ACCENT_COLOR_NAME = AccentColor;
				CODE_SIGN_STYLE = Automatic;
				CURRENT_PROJECT_VERSION = 1;
				DEVELOPMENT_ASSET_PATHS = "\"kwkxdcc/Preview Content\"";
				DEVELOPMENT_TEAM = 7X8638S6M7;
				ENABLE_PREVIEWS = YES;
				GENERATE_INFOPLIST_FILE = YES;
				INFOPLIST_KEY_UIApplicationSceneManifest_Generation = YES;
				INFOPLIST_KEY_UIApplicationSupportsIndirectInputEvents = YES;
				INFOPLIST_KEY_UILaunchScreen_Generation = YES;
				INFOPLIST_KEY_UISupportedInterfaceOrientations_iPad = "UIInterfaceOrientationPortrait UIInterfaceOrientationPortraitUpsideDown UIInterfaceOrientationLandscapeLeft UIInterfaceOrientationLandscapeRight";
				INFOPLIST_KEY_UISupportedInterfaceOrientations_iPhone = "UIInterfaceOrientationPortrait UIInterfaceOrientationLandscapeLeft UIInterfaceOrientationLandscapeRight";
				LD_RUNPATH_SEARCH_PATHS = (
					"$(inherited)",
					"@executable_path/Frameworks",
				);
				MARKETING_VERSION = 1.0;
				PRODUCT_BUNDLE_IDENTIFIER = shido.kwkxdcc;
				PRODUCT_NAME = "$(TARGET_NAME)";
				SWIFT_EMIT_LOC_STRINGS = YES;
				SWIFT_VERSION = 5.0;
				TARGETED_DEVICE_FAMILY = "1,2";
			};
			name = Release;
		};
		F3F66EDF2D337B9A00C85EC4 /* Debug */ = {
			isa = XCBuildConfiguration;
			buildSettings = {
				BUNDLE_LOADER = "$(TEST_HOST)";
				CODE_SIGN_STYLE = Automatic;
				CURRENT_PROJECT_VERSION = 1;
				GENERATE_INFOPLIST_FILE = YES;
				IPHONEOS_DEPLOYMENT_TARGET = 18.1;
				MARKETING_VERSION = 1.0;
				PRODUCT_BUNDLE_IDENTIFIER = shido.kwkxdccTests;
				PRODUCT_NAME = "$(TARGET_NAME)";
				SWIFT_EMIT_LOC_STRINGS = NO;
				SWIFT_VERSION = 5.0;
				TARGETED_DEVICE_FAMILY = "1,2";
				TEST_HOST = "$(BUILT_PRODUCTS_DIR)/kwkxdcc.app/$(BUNDLE_EXECUTABLE_FOLDER_PATH)/kwkxdcc";
			};
			name = Debug;
		};
		F3F66EE02D337B9A00C85EC4 /* Release */ = {
			isa = XCBuildConfiguration;
			buildSettings = {
				BUNDLE_LOADER = "$(TEST_HOST)";
				CODE_SIGN_STYLE = Automatic;
				CURRENT_PROJECT_VERSION = 1;
				GENERATE_INFOPLIST_FILE = YES;
				IPHONEOS_DEPLOYMENT_TARGET = 18.1;
				MARKETING_VERSION = 1.0;
				PRODUCT_BUNDLE_IDENTIFIER = shido.kwkxdccTests;
				PRODUCT_NAME = "$(TARGET_NAME)";
				SWIFT_EMIT_LOC_STRINGS = NO;
				SWIFT_VERSION = 5.0;
				TARGETED_DEVICE_FAMILY = "1,2";
				TEST_HOST = "$(BUILT_PRODUCTS_DIR)/kwkxdcc.app/$(BUNDLE_EXECUTABLE_FOLDER_PATH)/kwkxdcc";
			};
			name = Release;
		};
		F3F66EE22D337B9A00C85EC4 /* Debug */ = {
			isa = XCBuildConfiguration;
			buildSettings = {
				CODE_SIGN_STYLE = Automatic;
				CURRENT_PROJECT_VERSION = 1;
				GENERATE_INFOPLIST_FILE = YES;
				MARKETING_VERSION = 1.0;
				PRODUCT_BUNDLE_IDENTIFIER = shido.kwkxdccUITests;
				PRODUCT_NAME = "$(TARGET_NAME)";
				SWIFT_EMIT_LOC_STRINGS = NO;
				SWIFT_VERSION = 5.0;
				TARGETED_DEVICE_FAMILY = "1,2";
				TEST_TARGET_NAME = kwkxdcc;
			};
			name = Debug;
		};
		F3F66EE32D337B9A00C85EC4 /* Release */ = {
			isa = XCBuildConfiguration;
			buildSettings = {
				CODE_SIGN_STYLE = Automatic;
				CURRENT_PROJECT_VERSION = 1;
				GENERATE_INFOPLIST_FILE = YES;
				MARKETING_VERSION = 1.0;
				PRODUCT_BUNDLE_IDENTIFIER = shido.kwkxdccUITests;
				PRODUCT_NAME = "$(TARGET_NAME)";
				SWIFT_EMIT_LOC_STRINGS = NO;
				SWIFT_VERSION = 5.0;
				TARGETED_DEVICE_FAMILY = "1,2";
				TEST_TARGET_NAME = kwkxdcc;
			};
			name = Release;
		};
/* End XCBuildConfiguration section */

/* Begin XCConfigurationList section */
		F3F66EB22D337B9800C85EC4 /* Build configuration list for PBXProject "kwkxdcc" */ = {
			isa = XCConfigurationList;
			buildConfigurations = (
				F3F66ED92D337B9A00C85EC4 /* Debug */,
				F3F66EDA2D337B9A00C85EC4 /* Release */,
			);
			defaultConfigurationIsVisible = 0;
			defaultConfigurationName = Release;
		};
		F3F66EDB2D337B9A00C85EC4 /* Build configuration list for PBXNativeTarget "kwkxdcc" */ = {
			isa = XCConfigurationList;
			buildConfigurations = (
				F3F66EDC2D337B9A00C85EC4 /* Debug */,
				F3F66EDD2D337B9A00C85EC4 /* Release */,
			);
			defaultConfigurationIsVisible = 0;
			defaultConfigurationName = Release;
		};
		F3F66EDE2D337B9A00C85EC4 /* Build configuration list for PBXNativeTarget "kwkxdccTests" */ = {
			isa = XCConfigurationList;
			buildConfigurations = (
				F3F66EDF2D337B9A00C85EC4 /* Debug */,
				F3F66EE02D337B9A00C85EC4 /* Release */,
			);
			defaultConfigurationIsVisible = 0;
			defaultConfigurationName = Release;
		};
		F3F66EE12D337B9A00C85EC4 /* Build configuration list for PBXNativeTarget "kwkxdccUITests" */ = {
			isa = XCConfigurationList;
			buildConfigurations = (
				F3F66EE22D337B9A00C85EC4 /* Debug */,
				F3F66EE32D337B9A00C85EC4 /* Release */,
			);
			defaultConfigurationIsVisible = 0;
			defaultConfigurationName = Release;
		};
/* End XCConfigurationList section */
	};
	rootObject = F3F66EAF2D337B9800C85EC4 /* Project object */;
}
